
Microsoft Visual Studio Solution File, Format Version 12.00
# Visual Studio Version 16
VisualStudioVersion = 16.0.32228.343
MinimumVisualStudioVersion = 10.0.40219.1
Project("{FAE04EC0-301F-11D3-BF4B-00C04F79EFBC}") = "HumindZ.SummerInternship2022.Host", "HumindZ.SummerInternship2022.Host.csproj", "{01E61167-6A0D-46E8-BD2B-7726A41F8B75}"
EndProject
Project("{2150E333-8FDC-42A3-9474-1A3956D46DE8}") = "User", "User", "{06531533-4D78-4CF2-9722-C28797D5FB18}"
EndProject
Project("{2150E333-8FDC-42A3-9474-1A3956D46DE8}") = "Catalog", "Catalog", "{12C03137-993B-4F4A-948D-D7A74553B96F}"
EndProject
Project("{FAE04EC0-301F-11D3-BF4B-00C04F79EFBC}") = "HumindZ.SummerInternship2022.Modules.Users.Api", "..\HumindZ.SummerInternship2022.Modules.Users.Api\HumindZ.SummerInternship2022.Modules.Users.Api.csproj", "{1BED2F10-1304-471A-99A4-8E7ACD7059A1}"
EndProject
Project("{FAE04EC0-301F-11D3-BF4B-00C04F79EFBC}") = "HumindZ.SummerInternship2022.Modules.Users.Business", "..\HumindZ.SummerInternship2022.Modules.Users.Business\HumindZ.SummerInternship2022.Modules.Users.Business.csproj", "{C78CABBE-5E27-4D28-9F04-4EAA00AED683}"
EndProject
Project("{FAE04EC0-301F-11D3-BF4B-00C04F79EFBC}") = "HumindZ.SummerInternship2022.Modules.Users.Contract", "..\HumindZ.SummerInternship2022.Modules.Users.Contract\HumindZ.SummerInternship2022.Modules.Users.Contract.csproj", "{824999FC-75ED-4264-9A98-7FE452A6E46A}"
EndProject
Project("{FAE04EC0-301F-11D3-BF4B-00C04F79EFBC}") = "HumindZ.SummerInternship2022.Modules.Users.Service", "..\HumindZ.SummerInternship2022.Modules.Users.Service\HumindZ.SummerInternship2022.Modules.Users.Service.csproj", "{6CFD1D6C-0DF0-450B-A4D2-C4A7476799C5}"
EndProject
Project("{FAE04EC0-301F-11D3-BF4B-00C04F79EFBC}") = "HumindZ.SummerInternship2022.Modules.Catalog.Api", "..\HumindZ.SummerInternship2022.Modules.Catalog.Api\HumindZ.SummerInternship2022.Modules.Catalog.Api.csproj", "{74C5EBE1-B04C-4CFC-B431-EBDA7810B036}"
EndProject
Project("{FAE04EC0-301F-11D3-BF4B-00C04F79EFBC}") = "HumindZ.SummerInternship2022.Modules.Catalog.Business", "..\HumindZ.SummerInternship2022.Modules.Catalog.Business\HumindZ.SummerInternship2022.Modules.Catalog.Business.csproj", "{A5BCC57A-49C0-44B6-AA05-98B19C9362BE}"
EndProject
Project("{FAE04EC0-301F-11D3-BF4B-00C04F79EFBC}") = "HumindZ.SummerInternship2022.Modules.Catalog.Contract", "..\HumindZ.SummerInternship2022.Modules.Catalog.Contract\HumindZ.SummerInternship2022.Modules.Catalog.Contract.csproj", "{A79AADDC-DF2A-4E27-9271-46923FDD5262}"
EndProject
Project("{FAE04EC0-301F-11D3-BF4B-00C04F79EFBC}") = "HumindZ.SummerInternship2022.Modules.Catalog.Service", "..\HumindZ.SummerInternship2022.Modules.Catalog.Service\HumindZ.SummerInternship2022.Modules.Catalog.Service.csproj", "{3DF02779-6413-4E3E-8988-CF8F2E7858F3}"
EndProject
Global
	GlobalSection(SolutionConfigurationPlatforms) = preSolution
		Debug|Any CPU = Debug|Any CPU
		Release|Any CPU = Release|Any CPU
	EndGlobalSection
	GlobalSection(ProjectConfigurationPlatforms) = postSolution
		{01E61167-6A0D-46E8-BD2B-7726A41F8B75}.Debug|Any CPU.ActiveCfg = Debug|Any CPU
		{01E61167-6A0D-46E8-BD2B-7726A41F8B75}.Debug|Any CPU.Build.0 = Debug|Any CPU
		{01E61167-6A0D-46E8-BD2B-7726A41F8B75}.Release|Any CPU.ActiveCfg = Release|Any CPU
		{01E61167-6A0D-46E8-BD2B-7726A41F8B75}.Release|Any CPU.Build.0 = Release|Any CPU
		{1BED2F10-1304-471A-99A4-8E7ACD7059A1}.Debug|Any CPU.ActiveCfg = Debug|Any CPU
		{1BED2F10-1304-471A-99A4-8E7ACD7059A1}.Debug|Any CPU.Build.0 = Debug|Any CPU
		{1BED2F10-1304-471A-99A4-8E7ACD7059A1}.Release|Any CPU.ActiveCfg = Release|Any CPU
		{1BED2F10-1304-471A-99A4-8E7ACD7059A1}.Release|Any CPU.Build.0 = Release|Any CPU
		{C78CABBE-5E27-4D28-9F04-4EAA00AED683}.Debug|Any CPU.ActiveCfg = Debug|Any CPU
		{C78CABBE-5E27-4D28-9F04-4EAA00AED683}.Debug|Any CPU.Build.0 = Debug|Any CPU
		{C78CABBE-5E27-4D28-9F04-4EAA00AED683}.Release|Any CPU.ActiveCfg = Release|Any CPU
		{C78CABBE-5E27-4D28-9F04-4EAA00AED683}.Release|Any CPU.Build.0 = Release|Any CPU
		{824999FC-75ED-4264-9A98-7FE452A6E46A}.Debug|Any CPU.ActiveCfg = Debug|Any CPU
		{824999FC-75ED-4264-9A98-7FE452A6E46A}.Debug|Any CPU.Build.0 = Debug|Any CPU
		{824999FC-75ED-4264-9A98-7FE452A6E46A}.Release|Any CPU.ActiveCfg = Release|Any CPU
		{824999FC-75ED-4264-9A98-7FE452A6E46A}.Release|Any CPU.Build.0 = Release|Any CPU
		{6CFD1D6C-0DF0-450B-A4D2-C4A7476799C5}.Debug|Any CPU.ActiveCfg = Debug|Any CPU
		{6CFD1D6C-0DF0-450B-A4D2-C4A7476799C5}.Debug|Any CPU.Build.0 = Debug|Any CPU
		{6CFD1D6C-0DF0-450B-A4D2-C4A7476799C5}.Release|Any CPU.ActiveCfg = Release|Any CPU
		{6CFD1D6C-0DF0-450B-A4D2-C4A7476799C5}.Release|Any CPU.Build.0 = Release|Any CPU
		{74C5EBE1-B04C-4CFC-B431-EBDA7810B036}.Debug|Any CPU.ActiveCfg = Debug|Any CPU
		{74C5EBE1-B04C-4CFC-B431-EBDA7810B036}.Debug|Any CPU.Build.0 = Debug|Any CPU
		{74C5EBE1-B04C-4CFC-B431-EBDA7810B036}.Release|Any CPU.ActiveCfg = Release|Any CPU
		{74C5EBE1-B04C-4CFC-B431-EBDA7810B036}.Release|Any CPU.Build.0 = Release|Any CPU
		{A5BCC57A-49C0-44B6-AA05-98B19C9362BE}.Debug|Any CPU.ActiveCfg = Debug|Any CPU
		{A5BCC57A-49C0-44B6-AA05-98B19C9362BE}.Debug|Any CPU.Build.0 = Debug|Any CPU
		{A5BCC57A-49C0-44B6-AA05-98B19C9362BE}.Release|Any CPU.ActiveCfg = Release|Any CPU
		{A5BCC57A-49C0-44B6-AA05-98B19C9362BE}.Release|Any CPU.Build.0 = Release|Any CPU
		{A79AADDC-DF2A-4E27-9271-46923FDD5262}.Debug|Any CPU.ActiveCfg = Debug|Any CPU
		{A79AADDC-DF2A-4E27-9271-46923FDD5262}.Debug|Any CPU.Build.0 = Debug|Any CPU
		{A79AADDC-DF2A-4E27-9271-46923FDD5262}.Release|Any CPU.ActiveCfg = Release|Any CPU
		{A79AADDC-DF2A-4E27-9271-46923FDD5262}.Release|Any CPU.Build.0 = Release|Any CPU
		{3DF02779-6413-4E3E-8988-CF8F2E7858F3}.Debug|Any CPU.ActiveCfg = Debug|Any CPU
		{3DF02779-6413-4E3E-8988-CF8F2E7858F3}.Debug|Any CPU.Build.0 = Debug|Any CPU
		{3DF02779-6413-4E3E-8988-CF8F2E7858F3}.Release|Any CPU.ActiveCfg = Release|Any CPU
		{3DF02779-6413-4E3E-8988-CF8F2E7858F3}.Release|Any CPU.Build.0 = Release|Any CPU
	EndGlobalSection
	GlobalSection(SolutionProperties) = preSolution
		HideSolutionNode = FALSE
	EndGlobalSection
	GlobalSection(NestedProjects) = preSolution
		{1BED2F10-1304-471A-99A4-8E7ACD7059A1} = {06531533-4D78-4CF2-9722-C28797D5FB18}
		{C78CABBE-5E27-4D28-9F04-4EAA00AED683} = {06531533-4D78-4CF2-9722-C28797D5FB18}
		{824999FC-75ED-4264-9A98-7FE452A6E46A} = {06531533-4D78-4CF2-9722-C28797D5FB18}
		{6CFD1D6C-0DF0-450B-A4D2-C4A7476799C5} = {06531533-4D78-4CF2-9722-C28797D5FB18}
		{74C5EBE1-B04C-4CFC-B431-EBDA7810B036} = {12C03137-993B-4F4A-948D-D7A74553B96F}
		{A5BCC57A-49C0-44B6-AA05-98B19C9362BE} = {12C03137-993B-4F4A-948D-D7A74553B96F}
		{A79AADDC-DF2A-4E27-9271-46923FDD5262} = {12C03137-993B-4F4A-948D-D7A74553B96F}
		{3DF02779-6413-4E3E-8988-CF8F2E7858F3} = {12C03137-993B-4F4A-948D-D7A74553B96F}
	EndGlobalSection
	GlobalSection(ExtensibilityGlobals) = postSolution
		SolutionGuid = {8A4C4DEB-D8F9-4F85-B045-C42B94F8DF94}
	EndGlobalSection
EndGlobal
