
Microsoft Visual Studio Solution File, Format Version 12.00
# Visual Studio Version 16
VisualStudioVersion = 16.0.32126.315
MinimumVisualStudioVersion = 10.0.40219.1
Project("{FAE04EC0-301F-11D3-BF4B-00C04F79EFBC}") = "HumindZ.SummerInternship2022.Host", "HumindZ.SummerInternship2022.Host\HumindZ.SummerInternship2022.Host.csproj", "{D2C78F00-F96D-4AD8-B760-243390935885}"
EndProject
Project("{FAE04EC0-301F-11D3-BF4B-00C04F79EFBC}") = "HumindZ.SummerInternship2022.Services", "..\HumindZ.SummerInternship2022.Services\HumindZ.SummerInternship2022.Services.csproj", "{51A60AF3-81E1-413C-A699-EE3D27EEBA1B}"
EndProject
Project("{FAE04EC0-301F-11D3-BF4B-00C04F79EFBC}") = "HumindZ.SummerInternship2022.Business", "..\HumindZ.SummerInternship2022.Business\HumindZ.SummerInternship2022.Business.csproj", "{7DB2AAD5-B276-4C50-9EF4-B93E8654057B}"
EndProject
Global
	GlobalSection(SolutionConfigurationPlatforms) = preSolution
		Debug|Any CPU = Debug|Any CPU
		Release|Any CPU = Release|Any CPU
	EndGlobalSection
	GlobalSection(ProjectConfigurationPlatforms) = postSolution
		{D2C78F00-F96D-4AD8-B760-243390935885}.Debug|Any CPU.ActiveCfg = Debug|Any CPU
		{D2C78F00-F96D-4AD8-B760-243390935885}.Debug|Any CPU.Build.0 = Debug|Any CPU
		{D2C78F00-F96D-4AD8-B760-243390935885}.Release|Any CPU.ActiveCfg = Release|Any CPU
		{D2C78F00-F96D-4AD8-B760-243390935885}.Release|Any CPU.Build.0 = Release|Any CPU
		{51A60AF3-81E1-413C-A699-EE3D27EEBA1B}.Debug|Any CPU.ActiveCfg = Debug|Any CPU
		{51A60AF3-81E1-413C-A699-EE3D27EEBA1B}.Debug|Any CPU.Build.0 = Debug|Any CPU
		{51A60AF3-81E1-413C-A699-EE3D27EEBA1B}.Release|Any CPU.ActiveCfg = Release|Any CPU
		{51A60AF3-81E1-413C-A699-EE3D27EEBA1B}.Release|Any CPU.Build.0 = Release|Any CPU
		{7DB2AAD5-B276-4C50-9EF4-B93E8654057B}.Debug|Any CPU.ActiveCfg = Debug|Any CPU
		{7DB2AAD5-B276-4C50-9EF4-B93E8654057B}.Debug|Any CPU.Build.0 = Debug|Any CPU
		{7DB2AAD5-B276-4C50-9EF4-B93E8654057B}.Release|Any CPU.ActiveCfg = Release|Any CPU
		{7DB2AAD5-B276-4C50-9EF4-B93E8654057B}.Release|Any CPU.Build.0 = Release|Any CPU
	EndGlobalSection
	GlobalSection(SolutionProperties) = preSolution
		HideSolutionNode = FALSE
	EndGlobalSection
	GlobalSection(NestedProjects) = preSolution
	EndGlobalSection
	GlobalSection(ExtensibilityGlobals) = postSolution
		SolutionGuid = {818FD124-4AF7-4674-900E-79B1B6262FF4}
	EndGlobalSection
EndGlobal
